
Microsoft Visual Studio Solution File, Format Version 12.00
Project("{FAE04EC0-301F-11D3-BF4B-00C04F79EFBC}") = "Mission11_Hoopes", "Mission11_Hoopes\Mission11_Hoopes.csproj", "{C46775E5-CBF8-4DEF-A3CD-F50DC27091D4}"
EndProject
Global
	GlobalSection(SolutionConfigurationPlatforms) = preSolution
		Debug|Any CPU = Debug|Any CPU
		Release|Any CPU = Release|Any CPU
	EndGlobalSection
	GlobalSection(ProjectConfigurationPlatforms) = postSolution
		{C46775E5-CBF8-4DEF-A3CD-F50DC27091D4}.Debug|Any CPU.ActiveCfg = Debug|Any CPU
		{C46775E5-CBF8-4DEF-A3CD-F50DC27091D4}.Debug|Any CPU.Build.0 = Debug|Any CPU
		{C46775E5-CBF8-4DEF-A3CD-F50DC27091D4}.Release|Any CPU.ActiveCfg = Release|Any CPU
		{C46775E5-CBF8-4DEF-A3CD-F50DC27091D4}.Release|Any CPU.Build.0 = Release|Any CPU
	EndGlobalSection
EndGlobal
